
Microsoft Visual Studio Solution File, Format Version 12.00
# Visual Studio Version 17
VisualStudioVersion = 17.10.35004.147
MinimumVisualStudioVersion = 10.0.40219.1
Project("{FAE04EC0-301F-11D3-BF4B-00C04F79EFBC}") = "Lecture no 20 ( Model )", "Lecture no 20 ( Model )\Lecture no 20 ( Model ).csproj", "{BBBF15FC-9F3C-49F5-A724-F3DAA5A5A5A3}"
EndProject
Global
	GlobalSection(SolutionConfigurationPlatforms) = preSolution
		Debug|Any CPU = Debug|Any CPU
		Release|Any CPU = Release|Any CPU
	EndGlobalSection
	GlobalSection(ProjectConfigurationPlatforms) = postSolution
		{BBBF15FC-9F3C-49F5-A724-F3DAA5A5A5A3}.Debug|Any CPU.ActiveCfg = Debug|Any CPU
		{BBBF15FC-9F3C-49F5-A724-F3DAA5A5A5A3}.Debug|Any CPU.Build.0 = Debug|Any CPU
		{BBBF15FC-9F3C-49F5-A724-F3DAA5A5A5A3}.Release|Any CPU.ActiveCfg = Release|Any CPU
		{BBBF15FC-9F3C-49F5-A724-F3DAA5A5A5A3}.Release|Any CPU.Build.0 = Release|Any CPU
	EndGlobalSection
	GlobalSection(SolutionProperties) = preSolution
		HideSolutionNode = FALSE
	EndGlobalSection
	GlobalSection(ExtensibilityGlobals) = postSolution
		SolutionGuid = {1CD963A1-7B2D-4A1E-8FD4-6F3C44A58BE9}
	EndGlobalSection
EndGlobal
